
Microsoft Visual Studio Solution File, Format Version 12.00
# Visual Studio Version 17
VisualStudioVersion = 17.14.36327.8 d17.14
MinimumVisualStudioVersion = 10.0.40219.1
Project("{FAE04EC0-301F-11D3-BF4B-00C04F79EFBC}") = "WebApplication8", "WebApplication8\WebApplication8.csproj", "{7DEA3CA4-D878-4AF3-9A79-2AE32702CBB3}"
EndProject
Global
	GlobalSection(SolutionConfigurationPlatforms) = preSolution
		Debug|Any CPU = Debug|Any CPU
		Release|Any CPU = Release|Any CPU
	EndGlobalSection
	GlobalSection(ProjectConfigurationPlatforms) = postSolution
		{7DEA3CA4-D878-4AF3-9A79-2AE32702CBB3}.Debug|Any CPU.ActiveCfg = Debug|Any CPU
		{7DEA3CA4-D878-4AF3-9A79-2AE32702CBB3}.Debug|Any CPU.Build.0 = Debug|Any CPU
		{7DEA3CA4-D878-4AF3-9A79-2AE32702CBB3}.Release|Any CPU.ActiveCfg = Release|Any CPU
		{7DEA3CA4-D878-4AF3-9A79-2AE32702CBB3}.Release|Any CPU.Build.0 = Release|Any CPU
	EndGlobalSection
	GlobalSection(SolutionProperties) = preSolution
		HideSolutionNode = FALSE
	EndGlobalSection
	GlobalSection(ExtensibilityGlobals) = postSolution
		SolutionGuid = {8EE24E86-BBA3-4381-B368-A803322361FB}
	EndGlobalSection
EndGlobal
